
Microsoft Visual Studio Solution File, Format Version 12.00
# Visual Studio Version 17
VisualStudioVersion = 17.0.31903.59
MinimumVisualStudioVersion = 10.0.40219.1
Project("{FAE04EC0-301F-11D3-BF4B-00C04F79EFBC}") = "Fowan.Windows", "apps\windows\toolbox\Fowan.Windows.csproj", "{52EA21FC-311B-4752-BA76-4F1D8A97BA62}"
EndProject
Project("{FAE04EC0-301F-11D3-BF4B-00C04F79EFBC}") = "Fowan.Todo.Windows", "apps\windows\todo\app\Fowan.Todo.Windows.csproj", "{2C8C1F80-F7C5-4D6E-9D40-90AF195F7F03}"
EndProject
Project("{2150E333-8FDC-42A3-9474-1A3956D46DE8}") = "apps", "apps", "{E734C8D4-8651-4FAD-9F54-A474C3177CDB}"
EndProject
Project("{FAE04EC0-301F-11D3-BF4B-00C04F79EFBC}") = "Fowan.Todo.Contracts", "apps\windows\todo\contracts\Fowan.Todo.Contracts.csproj", "{310E6115-43A6-486E-98F7-C7D05E9EE3BC}"
EndProject
Project("{FAE04EC0-301F-11D3-BF4B-00C04F79EFBC}") = "Fowan.Todo.Shared", "apps\windows\todo\shared\Fowan.Todo.Shared.csproj", "{B846A653-8B42-407A-83F6-6657B1952427}"
EndProject
Project("{FAE04EC0-301F-11D3-BF4B-00C04F79EFBC}") = "Fowan.Todo.Sticky.Windows", "apps\windows\todo\sticky\Fowan.Todo.Sticky.Windows.csproj", "{FB088CD9-430A-4094-A3D2-EA309B07F180}"
EndProject
Project("{FAE04EC0-301F-11D3-BF4B-00C04F79EFBC}") = "Fowan.Diary.Shared", "apps\windows\diary\shared\Fowan.Diary.Shared.csproj", "{D6B0A3F4-E195-4E3C-BF28-B478EF73B566}"
EndProject
Project("{FAE04EC0-301F-11D3-BF4B-00C04F79EFBC}") = "Fowan.Diary.Windows", "apps\windows\diary\app\Fowan.Diary.Windows.csproj", "{C7BA0B37-2F2B-42D5-A523-1DCCB6AF9F2E}"
EndProject
Project("{FAE04EC0-301F-11D3-BF4B-00C04F79EFBC}") = "Fowan.Diary.Shared.Tests", "tests\Fowan.Diary.Shared.Tests\Fowan.Diary.Shared.Tests.csproj", "{E3431B74-A27F-4A90-A1A4-4A95E16971C8}"
EndProject
Project("{FAE04EC0-301F-11D3-BF4B-00C04F79EFBC}") = "Fowan.Todo.Shared.Tests", "tests\Fowan.Todo.Shared.Tests\Fowan.Todo.Shared.Tests.csproj", "{A05DB7D0-2D4F-4F9A-8F50-9BCB625C92EA}"
EndProject
Project("{FAE04EC0-301F-11D3-BF4B-00C04F79EFBC}") = "Fowan.Ai.Shared", "apps\windows\ai\shared\Fowan.Ai.Shared.csproj", "{FBDABD29-FA0D-4E25-AD6B-EA1CE8880998}"
EndProject
Project("{FAE04EC0-301F-11D3-BF4B-00C04F79EFBC}") = "Fowan.Ai.Chat.Windows", "apps\windows\ai\chat\Fowan.Ai.Chat.Windows.csproj", "{52702F94-00BE-4567-84CA-C993B1F86256}"
EndProject
Project("{FAE04EC0-301F-11D3-BF4B-00C04F79EFBC}") = "Fowan.Ai.Config.Windows", "apps\windows\ai\config\Fowan.Ai.Config.Windows.csproj", "{9EBA6322-CBA4-4A51-B23D-FE6F12C48DBA}"
EndProject
Project("{2150E333-8FDC-42A3-9474-1A3956D46DE8}") = "tests", "tests", "{5C05FA65-822A-4A09-85AB-CF4F10E89D32}"
EndProject
Project("{FAE04EC0-301F-11D3-BF4B-00C04F79EFBC}") = "Fowan.Ai.Shared.Tests", "tests\Fowan.Ai.Shared.Tests\Fowan.Ai.Shared.Tests.csproj", "{24929622-68B7-4661-B315-6FE2E3A39722}"
EndProject
Global
	GlobalSection(SolutionConfigurationPlatforms) = preSolution
		Debug|Any CPU = Debug|Any CPU
		Release|Any CPU = Release|Any CPU
	EndGlobalSection
	GlobalSection(SolutionProperties) = preSolution
		HideSolutionNode = FALSE
	EndGlobalSection
	GlobalSection(ProjectConfigurationPlatforms) = postSolution
		{52EA21FC-311B-4752-BA76-4F1D8A97BA62}.Debug|Any CPU.ActiveCfg = Debug|Any CPU
		{52EA21FC-311B-4752-BA76-4F1D8A97BA62}.Debug|Any CPU.Build.0 = Debug|Any CPU
		{52EA21FC-311B-4752-BA76-4F1D8A97BA62}.Release|Any CPU.ActiveCfg = Release|Any CPU
		{52EA21FC-311B-4752-BA76-4F1D8A97BA62}.Release|Any CPU.Build.0 = Release|Any CPU
		{2C8C1F80-F7C5-4D6E-9D40-90AF195F7F03}.Debug|Any CPU.ActiveCfg = Debug|Any CPU
		{2C8C1F80-F7C5-4D6E-9D40-90AF195F7F03}.Debug|Any CPU.Build.0 = Debug|Any CPU
		{2C8C1F80-F7C5-4D6E-9D40-90AF195F7F03}.Release|Any CPU.ActiveCfg = Release|Any CPU
		{2C8C1F80-F7C5-4D6E-9D40-90AF195F7F03}.Release|Any CPU.Build.0 = Release|Any CPU
		{310E6115-43A6-486E-98F7-C7D05E9EE3BC}.Debug|Any CPU.ActiveCfg = Debug|Any CPU
		{310E6115-43A6-486E-98F7-C7D05E9EE3BC}.Debug|Any CPU.Build.0 = Debug|Any CPU
		{310E6115-43A6-486E-98F7-C7D05E9EE3BC}.Release|Any CPU.ActiveCfg = Release|Any CPU
		{310E6115-43A6-486E-98F7-C7D05E9EE3BC}.Release|Any CPU.Build.0 = Release|Any CPU
		{B846A653-8B42-407A-83F6-6657B1952427}.Debug|Any CPU.ActiveCfg = Debug|Any CPU
		{B846A653-8B42-407A-83F6-6657B1952427}.Debug|Any CPU.Build.0 = Debug|Any CPU
		{B846A653-8B42-407A-83F6-6657B1952427}.Release|Any CPU.ActiveCfg = Release|Any CPU
		{B846A653-8B42-407A-83F6-6657B1952427}.Release|Any CPU.Build.0 = Release|Any CPU
		{FB088CD9-430A-4094-A3D2-EA309B07F180}.Debug|Any CPU.ActiveCfg = Debug|Any CPU
		{FB088CD9-430A-4094-A3D2-EA309B07F180}.Debug|Any CPU.Build.0 = Debug|Any CPU
		{FB088CD9-430A-4094-A3D2-EA309B07F180}.Release|Any CPU.ActiveCfg = Release|Any CPU
		{FB088CD9-430A-4094-A3D2-EA309B07F180}.Release|Any CPU.Build.0 = Release|Any CPU
		{D6B0A3F4-E195-4E3C-BF28-B478EF73B566}.Debug|Any CPU.ActiveCfg = Debug|Any CPU
		{D6B0A3F4-E195-4E3C-BF28-B478EF73B566}.Debug|Any CPU.Build.0 = Debug|Any CPU
		{D6B0A3F4-E195-4E3C-BF28-B478EF73B566}.Release|Any CPU.ActiveCfg = Release|Any CPU
		{D6B0A3F4-E195-4E3C-BF28-B478EF73B566}.Release|Any CPU.Build.0 = Release|Any CPU
		{C7BA0B37-2F2B-42D5-A523-1DCCB6AF9F2E}.Debug|Any CPU.ActiveCfg = Debug|Any CPU
		{C7BA0B37-2F2B-42D5-A523-1DCCB6AF9F2E}.Debug|Any CPU.Build.0 = Debug|Any CPU
		{C7BA0B37-2F2B-42D5-A523-1DCCB6AF9F2E}.Release|Any CPU.ActiveCfg = Release|Any CPU
		{C7BA0B37-2F2B-42D5-A523-1DCCB6AF9F2E}.Release|Any CPU.Build.0 = Release|Any CPU
		{E3431B74-A27F-4A90-A1A4-4A95E16971C8}.Debug|Any CPU.ActiveCfg = Debug|Any CPU
		{E3431B74-A27F-4A90-A1A4-4A95E16971C8}.Debug|Any CPU.Build.0 = Debug|Any CPU
		{E3431B74-A27F-4A90-A1A4-4A95E16971C8}.Release|Any CPU.ActiveCfg = Release|Any CPU
		{E3431B74-A27F-4A90-A1A4-4A95E16971C8}.Release|Any CPU.Build.0 = Release|Any CPU
		{A05DB7D0-2D4F-4F9A-8F50-9BCB625C92EA}.Debug|Any CPU.ActiveCfg = Debug|Any CPU
		{A05DB7D0-2D4F-4F9A-8F50-9BCB625C92EA}.Debug|Any CPU.Build.0 = Debug|Any CPU
		{A05DB7D0-2D4F-4F9A-8F50-9BCB625C92EA}.Release|Any CPU.ActiveCfg = Release|Any CPU
		{A05DB7D0-2D4F-4F9A-8F50-9BCB625C92EA}.Release|Any CPU.Build.0 = Release|Any CPU
		{FBDABD29-FA0D-4E25-AD6B-EA1CE8880998}.Debug|Any CPU.ActiveCfg = Debug|Any CPU
		{FBDABD29-FA0D-4E25-AD6B-EA1CE8880998}.Debug|Any CPU.Build.0 = Debug|Any CPU
		{FBDABD29-FA0D-4E25-AD6B-EA1CE8880998}.Release|Any CPU.ActiveCfg = Release|Any CPU
		{FBDABD29-FA0D-4E25-AD6B-EA1CE8880998}.Release|Any CPU.Build.0 = Release|Any CPU
		{52702F94-00BE-4567-84CA-C993B1F86256}.Debug|Any CPU.ActiveCfg = Debug|Any CPU
		{52702F94-00BE-4567-84CA-C993B1F86256}.Debug|Any CPU.Build.0 = Debug|Any CPU
		{52702F94-00BE-4567-84CA-C993B1F86256}.Release|Any CPU.ActiveCfg = Release|Any CPU
		{52702F94-00BE-4567-84CA-C993B1F86256}.Release|Any CPU.Build.0 = Release|Any CPU
		{9EBA6322-CBA4-4A51-B23D-FE6F12C48DBA}.Debug|Any CPU.ActiveCfg = Debug|Any CPU
		{9EBA6322-CBA4-4A51-B23D-FE6F12C48DBA}.Debug|Any CPU.Build.0 = Debug|Any CPU
		{9EBA6322-CBA4-4A51-B23D-FE6F12C48DBA}.Release|Any CPU.ActiveCfg = Release|Any CPU
		{9EBA6322-CBA4-4A51-B23D-FE6F12C48DBA}.Release|Any CPU.Build.0 = Release|Any CPU
		{24929622-68B7-4661-B315-6FE2E3A39722}.Debug|Any CPU.ActiveCfg = Debug|Any CPU
		{24929622-68B7-4661-B315-6FE2E3A39722}.Debug|Any CPU.Build.0 = Debug|Any CPU
		{24929622-68B7-4661-B315-6FE2E3A39722}.Release|Any CPU.ActiveCfg = Release|Any CPU
		{24929622-68B7-4661-B315-6FE2E3A39722}.Release|Any CPU.Build.0 = Release|Any CPU
	EndGlobalSection
	GlobalSection(NestedProjects) = preSolution
		{310E6115-43A6-486E-98F7-C7D05E9EE3BC} = {E734C8D4-8651-4FAD-9F54-A474C3177CDB}
		{B846A653-8B42-407A-83F6-6657B1952427} = {E734C8D4-8651-4FAD-9F54-A474C3177CDB}
		{FB088CD9-430A-4094-A3D2-EA309B07F180} = {E734C8D4-8651-4FAD-9F54-A474C3177CDB}
		{D6B0A3F4-E195-4E3C-BF28-B478EF73B566} = {E734C8D4-8651-4FAD-9F54-A474C3177CDB}
		{C7BA0B37-2F2B-42D5-A523-1DCCB6AF9F2E} = {E734C8D4-8651-4FAD-9F54-A474C3177CDB}
		{FBDABD29-FA0D-4E25-AD6B-EA1CE8880998} = {E734C8D4-8651-4FAD-9F54-A474C3177CDB}
		{52702F94-00BE-4567-84CA-C993B1F86256} = {E734C8D4-8651-4FAD-9F54-A474C3177CDB}
		{9EBA6322-CBA4-4A51-B23D-FE6F12C48DBA} = {E734C8D4-8651-4FAD-9F54-A474C3177CDB}
		{24929622-68B7-4661-B315-6FE2E3A39722} = {5C05FA65-822A-4A09-85AB-CF4F10E89D32}
	EndGlobalSection
EndGlobal
